Microsoft Visual Studio Solution File, Format Version 11.00
# Visual Studio 2008

Project("{F2357B47-4C9E-9DBB-3036-198B3257E892}") = "Guitar Project", "Assembly-CSharp.csproj", "{C8EA4E7F-CC3F-96BA-0175-989AC2EA25A9}"
EndProject
Global
	GlobalSection(SolutionConfigurationPlatforms) = preSolution
		Debug|Any CPU = Debug|Any CPU
		Release|Any CPU = Release|Any CPU
	EndGlobalSection
	GlobalSection(ProjectConfigurationPlatforms) = postSolution
		{C8EA4E7F-CC3F-96BA-0175-989AC2EA25A9}.Debug|Any CPU.ActiveCfg = Debug|Any CPU
		{C8EA4E7F-CC3F-96BA-0175-989AC2EA25A9}.Debug|Any CPU.Build.0 = Debug|Any CPU
		{C8EA4E7F-CC3F-96BA-0175-989AC2EA25A9}.Release|Any CPU.ActiveCfg = Release|Any CPU
		{C8EA4E7F-CC3F-96BA-0175-989AC2EA25A9}.Release|Any CPU.Build.0 = Release|Any CPU
	EndGlobalSection
	GlobalSection(SolutionProperties) = preSolution
		HideSolutionNode = FALSE
	EndGlobalSection
																											GlobalSection(MonoDevelopProperties) = preSolution
		StartupItem = Assembly-CSharp.csproj
		Policies = $0
		$0.TextStylePolicy = $1
		$1.inheritsSet = null
		$1.scope = text/x-csharp
		$0.CSharpFormattingPolicy = $2
		$2.inheritsSet = Mono
		$2.inheritsScope = text/x-csharp
		$2.scope = text/x-csharp
		$0.TextStylePolicy = $3
		$3.FileWidth = 120
		$3.TabWidth = 4
		$3.IndentWidth = 4
		$3.EolMarker = Unix
		$3.inheritsSet = Mono
		$3.inheritsScope = text/plain
		$3.scope = text/plain
	EndGlobalSection

EndGlobal
